
Microsoft Visual Studio Solution File, Format Version 11.00
# Visual C# Express 2010
Project("{FAE04EC0-301F-11D3-BF4B-00C04F79EFBC}") = "Blackjack", "Blackjack\Blackjack.csproj", "{E300639C-AFEB-4234-BAE9-71C32BDE240D}"
EndProject
Global
	GlobalSection(SolutionConfigurationPlatforms) = preSolution
		Debug|x86 = Debug|x86
		Release|x86 = Release|x86
	EndGlobalSection
	GlobalSection(ProjectConfigurationPlatforms) = postSolution
		{E300639C-AFEB-4234-BAE9-71C32BDE240D}.Debug|x86.ActiveCfg = Debug|x86
		{E300639C-AFEB-4234-BAE9-71C32BDE240D}.Debug|x86.Build.0 = Debug|x86
		{E300639C-AFEB-4234-BAE9-71C32BDE240D}.Release|x86.ActiveCfg = Release|x86
		{E300639C-AFEB-4234-BAE9-71C32BDE240D}.Release|x86.Build.0 = Release|x86
	EndGlobalSection
	GlobalSection(SolutionProperties) = preSolution
		HideSolutionNode = FALSE
	EndGlobalSection
EndGlobal
